
Microsoft Visual Studio Solution File, Format Version 12.00
# Visual Studio Version 16
VisualStudioVersion = 16.0.28803.352
MinimumVisualStudioVersion = 10.0.40219.1
Project("{FAE04EC0-301F-11D3-BF4B-00C04F79EFBC}") = "Fifteen", "Fifteen\Fifteen.csproj", "{FE42A281-A501-4819-81E7-CFA6EDCC78A8}"
EndProject
Global
	GlobalSection(SolutionConfigurationPlatforms) = preSolution
		Debug|Any CPU = Debug|Any CPU
		Release|Any CPU = Release|Any CPU
	EndGlobalSection
	GlobalSection(ProjectConfigurationPlatforms) = postSolution
		{FE42A281-A501-4819-81E7-CFA6EDCC78A8}.Debug|Any CPU.ActiveCfg = Debug|Any CPU
		{FE42A281-A501-4819-81E7-CFA6EDCC78A8}.Debug|Any CPU.Build.0 = Debug|Any CPU
		{FE42A281-A501-4819-81E7-CFA6EDCC78A8}.Release|Any CPU.ActiveCfg = Release|Any CPU
		{FE42A281-A501-4819-81E7-CFA6EDCC78A8}.Release|Any CPU.Build.0 = Release|Any CPU
	EndGlobalSection
	GlobalSection(SolutionProperties) = preSolution
		HideSolutionNode = FALSE
	EndGlobalSection
	GlobalSection(ExtensibilityGlobals) = postSolution
		SolutionGuid = {17746040-CA80-4BBC-84AA-037FE49C60C1}
	EndGlobalSection
EndGlobal
